
Microsoft Visual Studio Solution File, Format Version 12.00
# Visual Studio Version 17
VisualStudioVersion = 17.5.33530.505
MinimumVisualStudioVersion = 10.0.40219.1
Project("{FAE04EC0-301F-11D3-BF4B-00C04F79EFBC}") = "TabbedPageSample.UWP", "TabbedPageSample\TabbedPageSample.UWP\TabbedPageSample.UWP.csproj", "{00E83838-DD28-44CF-A0FF-1F4279187D7E}"
EndProject
Project("{FAE04EC0-301F-11D3-BF4B-00C04F79EFBC}") = "TabbedPageSample.Android", "TabbedPageSample\TabbedPageSample.Android\TabbedPageSample.Android.csproj", "{CD750B84-5D3B-49F7-BB38-F8C01ACF4EA7}"
EndProject
Project("{FAE04EC0-301F-11D3-BF4B-00C04F79EFBC}") = "TabbedPageSample.iOS", "TabbedPageSample\TabbedPageSample.iOS\TabbedPageSample.iOS.csproj", "{08B5BEAA-FB1E-45EB-8EC1-543730F009F7}"
EndProject
Project("{FAE04EC0-301F-11D3-BF4B-00C04F79EFBC}") = "TabbedPageSample", "TabbedPageSample\TabbedPageSample\TabbedPageSample.csproj", "{D6957032-9F3C-4A0E-AC56-89760F447B59}"
EndProject
Global
	GlobalSection(SolutionConfigurationPlatforms) = preSolution
		Debug|Any CPU = Debug|Any CPU
		Debug|ARM = Debug|ARM
		Debug|iPhone = Debug|iPhone
		Debug|iPhoneSimulator = Debug|iPhoneSimulator
		Debug|x64 = Debug|x64
		Debug|x86 = Debug|x86
		Release|Any CPU = Release|Any CPU
		Release|ARM = Release|ARM
		Release|iPhone = Release|iPhone
		Release|iPhoneSimulator = Release|iPhoneSimulator
		Release|x64 = Release|x64
		Release|x86 = Release|x86
	EndGlobalSection
	GlobalSection(ProjectConfigurationPlatforms) = postSolution
		{00E83838-DD28-44CF-A0FF-1F4279187D7E}.Debug|Any CPU.ActiveCfg = Debug|x64
		{00E83838-DD28-44CF-A0FF-1F4279187D7E}.Debug|Any CPU.Build.0 = Debug|x64
		{00E83838-DD28-44CF-A0FF-1F4279187D7E}.Debug|Any CPU.Deploy.0 = Debug|x64
		{00E83838-DD28-44CF-A0FF-1F4279187D7E}.Debug|ARM.ActiveCfg = Debug|ARM
		{00E83838-DD28-44CF-A0FF-1F4279187D7E}.Debug|ARM.Build.0 = Debug|ARM
		{00E83838-DD28-44CF-A0FF-1F4279187D7E}.Debug|ARM.Deploy.0 = Debug|ARM
		{00E83838-DD28-44CF-A0FF-1F4279187D7E}.Debug|iPhone.ActiveCfg = Debug|x64
		{00E83838-DD28-44CF-A0FF-1F4279187D7E}.Debug|iPhone.Build.0 = Debug|x64
		{00E83838-DD28-44CF-A0FF-1F4279187D7E}.Debug|iPhone.Deploy.0 = Debug|x64
		{00E83838-DD28-44CF-A0FF-1F4279187D7E}.Debug|iPhoneSimulator.ActiveCfg = Debug|x64
		{00E83838-DD28-44CF-A0FF-1F4279187D7E}.Debug|iPhoneSimulator.Build.0 = Debug|x64
		{00E83838-DD28-44CF-A0FF-1F4279187D7E}.Debug|iPhoneSimulator.Deploy.0 = Debug|x64
		{00E83838-DD28-44CF-A0FF-1F4279187D7E}.Debug|x64.ActiveCfg = Debug|x64
		{00E83838-DD28-44CF-A0FF-1F4279187D7E}.Debug|x64.Build.0 = Debug|x64
		{00E83838-DD28-44CF-A0FF-1F4279187D7E}.Debug|x64.Deploy.0 = Debug|x64
		{00E83838-DD28-44CF-A0FF-1F4279187D7E}.Debug|x86.ActiveCfg = Debug|x86
		{00E83838-DD28-44CF-A0FF-1F4279187D7E}.Debug|x86.Build.0 = Debug|x86
		{00E83838-DD28-44CF-A0FF-1F4279187D7E}.Debug|x86.Deploy.0 = Debug|x86
		{00E83838-DD28-44CF-A0FF-1F4279187D7E}.Release|Any CPU.ActiveCfg = Release|x64
		{00E83838-DD28-44CF-A0FF-1F4279187D7E}.Release|Any CPU.Build.0 = Release|x64
		{00E83838-DD28-44CF-A0FF-1F4279187D7E}.Release|Any CPU.Deploy.0 = Release|x64
		{00E83838-DD28-44CF-A0FF-1F4279187D7E}.Release|ARM.ActiveCfg = Release|ARM
		{00E83838-DD28-44CF-A0FF-1F4279187D7E}.Release|ARM.Build.0 = Release|ARM
		{00E83838-DD28-44CF-A0FF-1F4279187D7E}.Release|ARM.Deploy.0 = Release|ARM
		{00E83838-DD28-44CF-A0FF-1F4279187D7E}.Release|iPhone.ActiveCfg = Release|x64
		{00E83838-DD28-44CF-A0FF-1F4279187D7E}.Release|iPhone.Build.0 = Release|x64
		{00E83838-DD28-44CF-A0FF-1F4279187D7E}.Release|iPhone.Deploy.0 = Release|x64
		{00E83838-DD28-44CF-A0FF-1F4279187D7E}.Release|iPhoneSimulator.ActiveCfg = Release|x64
		{00E83838-DD28-44CF-A0FF-1F4279187D7E}.Release|iPhoneSimulator.Build.0 = Release|x64
		{00E83838-DD28-44CF-A0FF-1F4279187D7E}.Release|iPhoneSimulator.Deploy.0 = Release|x64
		{00E83838-DD28-44CF-A0FF-1F4279187D7E}.Release|x64.ActiveCfg = Release|x64
		{00E83838-DD28-44CF-A0FF-1F4279187D7E}.Release|x64.Build.0 = Release|x64
		{00E83838-DD28-44CF-A0FF-1F4279187D7E}.Release|x64.Deploy.0 = Release|x64
		{00E83838-DD28-44CF-A0FF-1F4279187D7E}.Release|x86.ActiveCfg = Release|x86
		{00E83838-DD28-44CF-A0FF-1F4279187D7E}.Release|x86.Build.0 = Release|x86
		{00E83838-DD28-44CF-A0FF-1F4279187D7E}.Release|x86.Deploy.0 = Release|x86
		{CD750B84-5D3B-49F7-BB38-F8C01ACF4EA7}.Debug|Any CPU.ActiveCfg = Debug|Any CPU
		{CD750B84-5D3B-49F7-BB38-F8C01ACF4EA7}.Debug|Any CPU.Build.0 = Debug|Any CPU
		{CD750B84-5D3B-49F7-BB38-F8C01ACF4EA7}.Debug|Any CPU.Deploy.0 = Debug|Any CPU
		{CD750B84-5D3B-49F7-BB38-F8C01ACF4EA7}.Debug|ARM.ActiveCfg = Debug|Any CPU
		{CD750B84-5D3B-49F7-BB38-F8C01ACF4EA7}.Debug|ARM.Build.0 = Debug|Any CPU
		{CD750B84-5D3B-49F7-BB38-F8C01ACF4EA7}.Debug|ARM.Deploy.0 = Debug|Any CPU
		{CD750B84-5D3B-49F7-BB38-F8C01ACF4EA7}.Debug|iPhone.ActiveCfg = Debug|Any CPU
		{CD750B84-5D3B-49F7-BB38-F8C01ACF4EA7}.Debug|iPhone.Build.0 = Debug|Any CPU
		{CD750B84-5D3B-49F7-BB38-F8C01ACF4EA7}.Debug|iPhone.Deploy.0 = Debug|Any CPU
		{CD750B84-5D3B-49F7-BB38-F8C01ACF4EA7}.Debug|iPhoneSimulator.ActiveCfg = Debug|Any CPU
		{CD750B84-5D3B-49F7-BB38-F8C01ACF4EA7}.Debug|iPhoneSimulator.Build.0 = Debug|Any CPU
		{CD750B84-5D3B-49F7-BB38-F8C01ACF4EA7}.Debug|iPhoneSimulator.Deploy.0 = Debug|Any CPU
		{CD750B84-5D3B-49F7-BB38-F8C01ACF4EA7}.Debug|x64.ActiveCfg = Debug|Any CPU
		{CD750B84-5D3B-49F7-BB38-F8C01ACF4EA7}.Debug|x64.Build.0 = Debug|Any CPU
		{CD750B84-5D3B-49F7-BB38-F8C01ACF4EA7}.Debug|x64.Deploy.0 = Debug|Any CPU
		{CD750B84-5D3B-49F7-BB38-F8C01ACF4EA7}.Debug|x86.ActiveCfg = Debug|Any CPU
		{CD750B84-5D3B-49F7-BB38-F8C01ACF4EA7}.Debug|x86.Build.0 = Debug|Any CPU
		{CD750B84-5D3B-49F7-BB38-F8C01ACF4EA7}.Debug|x86.Deploy.0 = Debug|Any CPU
		{CD750B84-5D3B-49F7-BB38-F8C01ACF4EA7}.Release|Any CPU.ActiveCfg = Release|Any CPU
		{CD750B84-5D3B-49F7-BB38-F8C01ACF4EA7}.Release|Any CPU.Build.0 = Release|Any CPU
		{CD750B84-5D3B-49F7-BB38-F8C01ACF4EA7}.Release|Any CPU.Deploy.0 = Release|Any CPU
		{CD750B84-5D3B-49F7-BB38-F8C01ACF4EA7}.Release|ARM.ActiveCfg = Release|Any CPU
		{CD750B84-5D3B-49F7-BB38-F8C01ACF4EA7}.Release|ARM.Build.0 = Release|Any CPU
		{CD750B84-5D3B-49F7-BB38-F8C01ACF4EA7}.Release|ARM.Deploy.0 = Release|Any CPU
		{CD750B84-5D3B-49F7-BB38-F8C01ACF4EA7}.Release|iPhone.ActiveCfg = Release|Any CPU
		{CD750B84-5D3B-49F7-BB38-F8C01ACF4EA7}.Release|iPhone.Build.0 = Release|Any CPU
		{CD750B84-5D3B-49F7-BB38-F8C01ACF4EA7}.Release|iPhone.Deploy.0 = Release|Any CPU
		{CD750B84-5D3B-49F7-BB38-F8C01ACF4EA7}.Release|iPhoneSimulator.ActiveCfg = Release|Any CPU
		{CD750B84-5D3B-49F7-BB38-F8C01ACF4EA7}.Release|iPhoneSimulator.Build.0 = Release|Any CPU
		{CD750B84-5D3B-49F7-BB38-F8C01ACF4EA7}.Release|iPhoneSimulator.Deploy.0 = Release|Any CPU
		{CD750B84-5D3B-49F7-BB38-F8C01ACF4EA7}.Release|x64.ActiveCfg = Release|Any CPU
		{CD750B84-5D3B-49F7-BB38-F8C01ACF4EA7}.Release|x64.Build.0 = Release|Any CPU
		{CD750B84-5D3B-49F7-BB38-F8C01ACF4EA7}.Release|x64.Deploy.0 = Release|Any CPU
		{CD750B84-5D3B-49F7-BB38-F8C01ACF4EA7}.Release|x86.ActiveCfg = Release|Any CPU
		{CD750B84-5D3B-49F7-BB38-F8C01ACF4EA7}.Release|x86.Build.0 = Release|Any CPU
		{CD750B84-5D3B-49F7-BB38-F8C01ACF4EA7}.Release|x86.Deploy.0 = Release|Any CPU
		{08B5BEAA-FB1E-45EB-8EC1-543730F009F7}.Debug|Any CPU.ActiveCfg = Debug|iPhoneSimulator
		{08B5BEAA-FB1E-45EB-8EC1-543730F009F7}.Debug|Any CPU.Build.0 = Debug|iPhoneSimulator
		{08B5BEAA-FB1E-45EB-8EC1-543730F009F7}.Debug|Any CPU.Deploy.0 = Debug|iPhoneSimulator
		{08B5BEAA-FB1E-45EB-8EC1-543730F009F7}.Debug|ARM.ActiveCfg = Debug|iPhoneSimulator
		{08B5BEAA-FB1E-45EB-8EC1-543730F009F7}.Debug|ARM.Build.0 = Debug|iPhoneSimulator
		{08B5BEAA-FB1E-45EB-8EC1-543730F009F7}.Debug|ARM.Deploy.0 = Debug|iPhoneSimulator
		{08B5BEAA-FB1E-45EB-8EC1-543730F009F7}.Debug|iPhone.ActiveCfg = Debug|iPhone
		{08B5BEAA-FB1E-45EB-8EC1-543730F009F7}.Debug|iPhone.Build.0 = Debug|iPhone
		{08B5BEAA-FB1E-45EB-8EC1-543730F009F7}.Debug|iPhone.Deploy.0 = Debug|iPhone
		{08B5BEAA-FB1E-45EB-8EC1-543730F009F7}.Debug|iPhoneSimulator.ActiveCfg = Debug|iPhoneSimulator
		{08B5BEAA-FB1E-45EB-8EC1-543730F009F7}.Debug|iPhoneSimulator.Build.0 = Debug|iPhoneSimulator
		{08B5BEAA-FB1E-45EB-8EC1-543730F009F7}.Debug|iPhoneSimulator.Deploy.0 = Debug|iPhoneSimulator
		{08B5BEAA-FB1E-45EB-8EC1-543730F009F7}.Debug|x64.ActiveCfg = Debug|iPhone
		{08B5BEAA-FB1E-45EB-8EC1-543730F009F7}.Debug|x64.Build.0 = Debug|iPhone
		{08B5BEAA-FB1E-45EB-8EC1-543730F009F7}.Debug|x64.Deploy.0 = Debug|iPhone
		{08B5BEAA-FB1E-45EB-8EC1-543730F009F7}.Debug|x86.ActiveCfg = Debug|iPhoneSimulator
		{08B5BEAA-FB1E-45EB-8EC1-543730F009F7}.Debug|x86.Build.0 = Debug|iPhoneSimulator
		{08B5BEAA-FB1E-45EB-8EC1-543730F009F7}.Debug|x86.Deploy.0 = Debug|iPhoneSimulator
		{08B5BEAA-FB1E-45EB-8EC1-543730F009F7}.Release|Any CPU.ActiveCfg = Release|iPhoneSimulator
		{08B5BEAA-FB1E-45EB-8EC1-543730F009F7}.Release|Any CPU.Build.0 = Release|iPhoneSimulator
		{08B5BEAA-FB1E-45EB-8EC1-543730F009F7}.Release|Any CPU.Deploy.0 = Release|iPhoneSimulator
		{08B5BEAA-FB1E-45EB-8EC1-543730F009F7}.Release|ARM.ActiveCfg = Release|iPhoneSimulator
		{08B5BEAA-FB1E-45EB-8EC1-543730F009F7}.Release|ARM.Build.0 = Release|iPhoneSimulator
		{08B5BEAA-FB1E-45EB-8EC1-543730F009F7}.Release|ARM.Deploy.0 = Release|iPhoneSimulator
		{08B5BEAA-FB1E-45EB-8EC1-543730F009F7}.Release|iPhone.ActiveCfg = Release|iPhone
		{08B5BEAA-FB1E-45EB-8EC1-543730F009F7}.Release|iPhone.Build.0 = Release|iPhone
		{08B5BEAA-FB1E-45EB-8EC1-543730F009F7}.Release|iPhone.Deploy.0 = Release|iPhone
		{08B5BEAA-FB1E-45EB-8EC1-543730F009F7}.Release|iPhoneSimulator.ActiveCfg = Release|iPhoneSimulator
		{08B5BEAA-FB1E-45EB-8EC1-543730F009F7}.Release|iPhoneSimulator.Build.0 = Release|iPhoneSimulator
		{08B5BEAA-FB1E-45EB-8EC1-543730F009F7}.Release|iPhoneSimulator.Deploy.0 = Release|iPhoneSimulator
		{08B5BEAA-FB1E-45EB-8EC1-543730F009F7}.Release|x64.ActiveCfg = Release|iPhoneSimulator
		{08B5BEAA-FB1E-45EB-8EC1-543730F009F7}.Release|x64.Build.0 = Release|iPhoneSimulator
		{08B5BEAA-FB1E-45EB-8EC1-543730F009F7}.Release|x64.Deploy.0 = Release|iPhoneSimulator
		{08B5BEAA-FB1E-45EB-8EC1-543730F009F7}.Release|x86.ActiveCfg = Release|iPhoneSimulator
		{08B5BEAA-FB1E-45EB-8EC1-543730F009F7}.Release|x86.Build.0 = Release|iPhoneSimulator
		{08B5BEAA-FB1E-45EB-8EC1-543730F009F7}.Release|x86.Deploy.0 = Release|iPhoneSimulator
		{D6957032-9F3C-4A0E-AC56-89760F447B59}.Debug|Any CPU.ActiveCfg = Debug|Any CPU
		{D6957032-9F3C-4A0E-AC56-89760F447B59}.Debug|Any CPU.Build.0 = Debug|Any CPU
		{D6957032-9F3C-4A0E-AC56-89760F447B59}.Debug|Any CPU.Deploy.0 = Debug|Any CPU
		{D6957032-9F3C-4A0E-AC56-89760F447B59}.Debug|ARM.ActiveCfg = Debug|Any CPU
		{D6957032-9F3C-4A0E-AC56-89760F447B59}.Debug|ARM.Build.0 = Debug|Any CPU
		{D6957032-9F3C-4A0E-AC56-89760F447B59}.Debug|ARM.Deploy.0 = Debug|Any CPU
		{D6957032-9F3C-4A0E-AC56-89760F447B59}.Debug|iPhone.ActiveCfg = Debug|Any CPU
		{D6957032-9F3C-4A0E-AC56-89760F447B59}.Debug|iPhone.Build.0 = Debug|Any CPU
		{D6957032-9F3C-4A0E-AC56-89760F447B59}.Debug|iPhone.Deploy.0 = Debug|Any CPU
		{D6957032-9F3C-4A0E-AC56-89760F447B59}.Debug|iPhoneSimulator.ActiveCfg = Debug|Any CPU
		{D6957032-9F3C-4A0E-AC56-89760F447B59}.Debug|iPhoneSimulator.Build.0 = Debug|Any CPU
		{D6957032-9F3C-4A0E-AC56-89760F447B59}.Debug|iPhoneSimulator.Deploy.0 = Debug|Any CPU
		{D6957032-9F3C-4A0E-AC56-89760F447B59}.Debug|x64.ActiveCfg = Debug|Any CPU
		{D6957032-9F3C-4A0E-AC56-89760F447B59}.Debug|x64.Build.0 = Debug|Any CPU
		{D6957032-9F3C-4A0E-AC56-89760F447B59}.Debug|x64.Deploy.0 = Debug|Any CPU
		{D6957032-9F3C-4A0E-AC56-89760F447B59}.Debug|x86.ActiveCfg = Debug|Any CPU
		{D6957032-9F3C-4A0E-AC56-89760F447B59}.Debug|x86.Build.0 = Debug|Any CPU
		{D6957032-9F3C-4A0E-AC56-89760F447B59}.Debug|x86.Deploy.0 = Debug|Any CPU
		{D6957032-9F3C-4A0E-AC56-89760F447B59}.Release|Any CPU.ActiveCfg = Release|Any CPU
		{D6957032-9F3C-4A0E-AC56-89760F447B59}.Release|Any CPU.Build.0 = Release|Any CPU
		{D6957032-9F3C-4A0E-AC56-89760F447B59}.Release|Any CPU.Deploy.0 = Release|Any CPU
		{D6957032-9F3C-4A0E-AC56-89760F447B59}.Release|ARM.ActiveCfg = Release|Any CPU
		{D6957032-9F3C-4A0E-AC56-89760F447B59}.Release|ARM.Build.0 = Release|Any CPU
		{D6957032-9F3C-4A0E-AC56-89760F447B59}.Release|ARM.Deploy.0 = Release|Any CPU
		{D6957032-9F3C-4A0E-AC56-89760F447B59}.Release|iPhone.ActiveCfg = Release|Any CPU
		{D6957032-9F3C-4A0E-AC56-89760F447B59}.Release|iPhone.Build.0 = Release|Any CPU
		{D6957032-9F3C-4A0E-AC56-89760F447B59}.Release|iPhone.Deploy.0 = Release|Any CPU
		{D6957032-9F3C-4A0E-AC56-89760F447B59}.Release|iPhoneSimulator.ActiveCfg = Release|Any CPU
		{D6957032-9F3C-4A0E-AC56-89760F447B59}.Release|iPhoneSimulator.Build.0 = Release|Any CPU
		{D6957032-9F3C-4A0E-AC56-89760F447B59}.Release|iPhoneSimulator.Deploy.0 = Release|Any CPU
		{D6957032-9F3C-4A0E-AC56-89760F447B59}.Release|x64.ActiveCfg = Release|Any CPU
		{D6957032-9F3C-4A0E-AC56-89760F447B59}.Release|x64.Build.0 = Release|Any CPU
		{D6957032-9F3C-4A0E-AC56-89760F447B59}.Release|x64.Deploy.0 = Release|Any CPU
		{D6957032-9F3C-4A0E-AC56-89760F447B59}.Release|x86.ActiveCfg = Release|Any CPU
		{D6957032-9F3C-4A0E-AC56-89760F447B59}.Release|x86.Build.0 = Release|Any CPU
		{D6957032-9F3C-4A0E-AC56-89760F447B59}.Release|x86.Deploy.0 = Release|Any CPU
	EndGlobalSection
	GlobalSection(SolutionProperties) = preSolution
		HideSolutionNode = FALSE
	EndGlobalSection
	GlobalSection(ExtensibilityGlobals) = postSolution
		SolutionGuid = {A185B06D-0809-4D5C-AB53-FF5E70FBAE29}
	EndGlobalSection
EndGlobal
